// !$*UTF8*$!
{
	archiveVersion = 1;
	classes = {
	};
	objectVersion = 46;
	objects = {

/* Begin PBXAggregateTarget section */
		D6452CF915B0323300570FB4 /* All */ = {
			isa = PBXAggregateTarget;
			buildConfigurationList = D6452D1E15B0326B00570FB4 /* Build configuration list for PBXAggregateTarget "All" */;
			buildPhases = (
			);
			dependencies = (
				D6452CFD15B0324200570FB4 /* PBXTargetDependency */,
				D6452CFF15B0324200570FB4 /* PBXTargetDependency */,
				D6452D0115B0324200570FB4 /* PBXTargetDependency */,
				D6452D0315B0324200570FB4 /* PBXTargetDependency */,
			);
			name = All;
			productName = All;
		};
/* End PBXAggregateTarget section */

/* Begin PBXBuildFile section */
		D61EEA6D1483A3F700D479D9 /* cseTest.c in Sources */ = {isa = PBXBuildFile; fileRef = D61EEA461482F61200D479D9 /* cseTest.c */; };
		D6374934159A59C000F6CB49 /* threadTest.cpp in Sources */ = {isa = PBXBuildFile; fileRef = D6374925159A595500F6CB49 /* threadTest.cpp */; };
		D65AA87C15A9B56100190152 /* CritSectEx.cpp in Sources */ = {isa = PBXBuildFile; fileRef = D690BB8C13B0918F00711743 /* CritSectEx.cpp */; };
		D65AA87D15A9B56100190152 /* msemul.cpp in Sources */ = {isa = PBXBuildFile; fileRef = D6C77725148BA3E80035620C /* msemul.cpp */; };
		D65AA87E15A9B56100190152 /* Thread.cpp in Sources */ = {isa = PBXBuildFile; fileRef = D6BD453515A6074800CBAD7D /* Thread.cpp */; };
		D65AA88715A9B6FC00190152 /* libSynchroTr.a in Frameworks */ = {isa = PBXBuildFile; fileRef = D65AA87015A9B50700190152 /* libSynchroTr.a */; };
		D65AA8AB15A9B80500190152 /* libSynchroTr.a in Frameworks */ = {isa = PBXBuildFile; fileRef = D65AA87015A9B50700190152 /* libSynchroTr.a */; };
		D65AA8C415A9B87200190152 /* timing.c in Sources */ = {isa = PBXBuildFile; fileRef = D699577513BB2F06007199A4 /* timing.c */; };
		D65AA8CB15A9BA4300190152 /* stub.cpp in Sources */ = {isa = PBXBuildFile; fileRef = D65AA8CA15A9BA4300190152 /* stub.cpp */; };
		D65AA8F415A9BC4900190152 /* CritSectEx.cpp in Sources */ = {isa = PBXBuildFile; fileRef = D690BB8C13B0918F00711743 /* CritSectEx.cpp */; };
		D65AA8F515A9BC4900190152 /* msemul.cpp in Sources */ = {isa = PBXBuildFile; fileRef = D6C77725148BA3E80035620C /* msemul.cpp */; };
		D65AA8F615A9BC4900190152 /* Thread.cpp in Sources */ = {isa = PBXBuildFile; fileRef = D6BD453515A6074800CBAD7D /* Thread.cpp */; };
		D65AA8F715A9BC4900190152 /* timing.c in Sources */ = {isa = PBXBuildFile; fileRef = D699577513BB2F06007199A4 /* timing.c */; };
		D65AA8F915A9BC9C00190152 /* timing.h in Headers */ = {isa = PBXBuildFile; fileRef = D699577413BB2F06007199A4 /* timing.h */; settings = {ATTRIBUTES = (Public, ); }; };
		D65AA8FA15A9BC9C00190152 /* CritSectEx.h in Headers */ = {isa = PBXBuildFile; fileRef = D690BB8D13B0918F00711743 /* CritSectEx.h */; settings = {ATTRIBUTES = (Public, ); }; };
		D65AA8FB15A9BC9C00190152 /* msemul.h in Headers */ = {isa = PBXBuildFile; fileRef = D6C77724148BA3E80035620C /* msemul.h */; settings = {ATTRIBUTES = (Public, ); }; };
		D65AA8FC15A9BC9C00190152 /* msemul4win.h in Headers */ = {isa = PBXBuildFile; fileRef = D614ED96159F0DD400FA1BB6 /* msemul4win.h */; settings = {ATTRIBUTES = (Private, ); }; };
		D65AA8FD15A9BC9C00190152 /* Thread.h in Headers */ = {isa = PBXBuildFile; fileRef = D63748A0159A217A00F6CB49 /* Thread.h */; settings = {ATTRIBUTES = (Public, ); }; };
/* End PBXBuildFile section */

/* Begin PBXContainerItemProxy section */
		D6452CFC15B0324200570FB4 /* PBXContainerItemProxy */ = {
			isa = PBXContainerItemProxy;
			containerPortal = 08FB7793FE84155DC02AAC07 /* Project object */;
			proxyType = 1;
			remoteGlobalIDString = D61EEA601483A3CD00D479D9;
			remoteInfo = cseTest;
		};
		D6452CFE15B0324200570FB4 /* PBXContainerItemProxy */ = {
			isa = PBXContainerItemProxy;
			containerPortal = 08FB7793FE84155DC02AAC07 /* Project object */;
			proxyType = 1;
			remoteGlobalIDString = D6374926159A595F00F6CB49;
			remoteInfo = threadTest;
		};
		D6452D0015B0324200570FB4 /* PBXContainerItemProxy */ = {
			isa = PBXContainerItemProxy;
			containerPortal = 08FB7793FE84155DC02AAC07 /* Project object */;
			proxyType = 1;
			remoteGlobalIDString = D65AA86F15A9B50700190152;
			remoteInfo = SynchroTr;
		};
		D6452D0215B0324200570FB4 /* PBXContainerItemProxy */ = {
			isa = PBXContainerItemProxy;
			containerPortal = 08FB7793FE84155DC02AAC07 /* Project object */;
			proxyType = 1;
			remoteGlobalIDString = D65AA8ED15A9BC2100190152;
			remoteInfo = "SynchroTr-emb";
		};
		D65AA88515A9B6F600190152 /* PBXContainerItemProxy */ = {
			isa = PBXContainerItemProxy;
			containerPortal = 08FB7793FE84155DC02AAC07 /* Project object */;
			proxyType = 1;
			remoteGlobalIDString = D65AA86F15A9B50700190152;
			remoteInfo = SynchroTr;
		};
		D65AA8A915A9B80100190152 /* PBXContainerItemProxy */ = {
			isa = PBXContainerItemProxy;
			containerPortal = 08FB7793FE84155DC02AAC07 /* Project object */;
			proxyType = 1;
			remoteGlobalIDString = D65AA86F15A9B50700190152;
			remoteInfo = SynchroTr;
		};
/* End PBXContainerItemProxy section */

/* Begin PBXFileReference section */
		D614ED96159F0DD400FA1BB6 /* msemul4win.h */ = {isa = PBXFileReference; fileEncoding = 4; lastKnownFileType = sourcecode.c.h; path = msemul4win.h; sourceTree = "<group>"; };
		D61EEA461482F61200D479D9 /* cseTest.c */ = {isa = PBXFileReference; explicitFileType = sourcecode.c.c; fileEncoding = 4; name = cseTest.c; path = ../cseTest.c; sourceTree = SOURCE_ROOT; };
		D61EEA6A1483A3CD00D479D9 /* cseTest */ = {isa = PBXFileReference; explicitFileType = "compiled.mach-o.executable"; includeInIndex = 0; path = cseTest; sourceTree = BUILT_PRODUCTS_DIR; };
		D63748A0159A217A00F6CB49 /* Thread.h */ = {isa = PBXFileReference; fileEncoding = 4; lastKnownFileType = sourcecode.c.h; path = Thread.h; sourceTree = "<group>"; };
		D6374925159A595500F6CB49 /* threadTest.cpp */ = {isa = PBXFileReference; fileEncoding = 4; lastKnownFileType = sourcecode.cpp.cpp; name = threadTest.cpp; path = ../threadTest.cpp; sourceTree = SOURCE_ROOT; };
		D6374930159A595F00F6CB49 /* threadTest */ = {isa = PBXFileReference; explicitFileType = "compiled.mach-o.executable"; includeInIndex = 0; path = threadTest; sourceTree = BUILT_PRODUCTS_DIR; };
		D647579E15990BA400B87D21 /* README */ = {isa = PBXFileReference; fileEncoding = 4; lastKnownFileType = text; name = README; path = ../README; sourceTree = SOURCE_ROOT; };
		D65AA87015A9B50700190152 /* libSynchroTr.a */ = {isa = PBXFileReference; explicitFileType = archive.ar; includeInIndex = 0; path = libSynchroTr.a; sourceTree = BUILT_PRODUCTS_DIR; };
		D65AA8CA15A9BA4300190152 /* stub.cpp */ = {isa = PBXFileReference; fileEncoding = 4; lastKnownFileType = sourcecode.cpp.cpp; path = stub.cpp; sourceTree = "<group>"; };
		D65AA8EE15A9BC2100190152 /* SynchroTr-emb.framework */ = {isa = PBXFileReference; explicitFileType = wrapper.framework; includeInIndex = 0; path = "SynchroTr-emb.framework"; sourceTree = BUILT_PRODUCTS_DIR; };
		D65AA8EF15A9BC2100190152 /* SynchroTr-emb-Info.plist */ = {isa = PBXFileReference; lastKnownFileType = text.plist.xml; path = "SynchroTr-emb-Info.plist"; sourceTree = "<group>"; };
		D690BB8C13B0918F00711743 /* CritSectEx.cpp */ = {isa = PBXFileReference; fileEncoding = 4; lastKnownFileType = sourcecode.cpp.cpp; path = CritSectEx.cpp; sourceTree = "<group>"; };
		D690BB8D13B0918F00711743 /* CritSectEx.h */ = {isa = PBXFileReference; fileEncoding = 4; lastKnownFileType = sourcecode.c.h; path = CritSectEx.h; sourceTree = "<group>"; };
		D699577413BB2F06007199A4 /* timing.h */ = {isa = PBXFileReference; fileEncoding = 12; lastKnownFileType = sourcecode.c.h; name = timing.h; path = ../CritSectEx/timing.h; sourceTree = SOURCE_ROOT; };
		D699577513BB2F06007199A4 /* timing.c */ = {isa = PBXFileReference; fileEncoding = 4; lastKnownFileType = sourcecode.c.c; name = timing.c; path = ../CritSectEx/timing.c; sourceTree = SOURCE_ROOT; };
		D6BD453515A6074800CBAD7D /* Thread.cpp */ = {isa = PBXFileReference; fileEncoding = 4; lastKnownFileType = sourcecode.cpp.cpp; path = Thread.cpp; sourceTree = "<group>"; };
		D6C77724148BA3E80035620C /* msemul.h */ = {isa = PBXFileReference; fileEncoding = 4; lastKnownFileType = sourcecode.c.h; path = msemul.h; sourceTree = "<group>"; };
		D6C77725148BA3E80035620C /* msemul.cpp */ = {isa = PBXFileReference; fileEncoding = 4; lastKnownFileType = sourcecode.cpp.cpp; path = msemul.cpp; sourceTree = "<group>"; };
/* End PBXFileReference section */

/* Begin PBXFrameworksBuildPhase section */
		D61EEA661483A3CD00D479D9 /* Frameworks */ = {
			isa = PBXFrameworksBuildPhase;
			buildActionMask = 2147483647;
			files = (
				D65AA8AB15A9B80500190152 /* libSynchroTr.a in Frameworks */,
			);
			runOnlyForDeploymentPostprocessing = 0;
		};
		D637492C159A595F00F6CB49 /* Frameworks */ = {
			isa = PBXFrameworksBuildPhase;
			buildActionMask = 2147483647;
			files = (
				D65AA88715A9B6FC00190152 /* libSynchroTr.a in Frameworks */,
			);
			runOnlyForDeploymentPostprocessing = 0;
		};
		D65AA86E15A9B50700190152 /* Frameworks */ = {
			isa = PBXFrameworksBuildPhase;
			buildActionMask = 2147483647;
			files = (
			);
			runOnlyForDeploymentPostprocessing = 0;
		};
		D65AA8EC15A9BC2100190152 /* Frameworks */ = {
			isa = PBXFrameworksBuildPhase;
			buildActionMask = 2147483647;
			files = (
			);
			runOnlyForDeploymentPostprocessing = 0;
		};
/* End PBXFrameworksBuildPhase section */

/* Begin PBXGroup section */
		08FB7794FE84155DC02AAC07 /* sfCAN */ = {
			isa = PBXGroup;
			children = (
				D697516E138BAF3B009FF524 /* Source */,
				D69B5E3F13C9B01F002662F3 /* Products */,
				D647579E15990BA400B87D21 /* README */,
				D65AA8EF15A9BC2100190152 /* SynchroTr-emb-Info.plist */,
			);
			name = sfCAN;
			sourceTree = "<group>";
		};
		D637489F159A217A00F6CB49 /* Thread */ = {
			isa = PBXGroup;
			children = (
				D6BD453515A6074800CBAD7D /* Thread.cpp */,
				D63748A0159A217A00F6CB49 /* Thread.h */,
			);
			name = Thread;
			path = ../Thread;
			sourceTree = SOURCE_ROOT;
		};
		D690BB8B13B0918F00711743 /* CritSectEx */ = {
			isa = PBXGroup;
			children = (
				D690BB8C13B0918F00711743 /* CritSectEx.cpp */,
				D690BB8D13B0918F00711743 /* CritSectEx.h */,
				D6C77724148BA3E80035620C /* msemul.h */,
				D614ED96159F0DD400FA1BB6 /* msemul4win.h */,
				D6C77725148BA3E80035620C /* msemul.cpp */,
			);
			name = CritSectEx;
			path = ../CritSectEx;
			sourceTree = SOURCE_ROOT;
		};
		D697516E138BAF3B009FF524 /* Source */ = {
			isa = PBXGroup;
			children = (
				D699577313BB2EDE007199A4 /* timing */,
				D690BB8B13B0918F00711743 /* CritSectEx */,
				D637489F159A217A00F6CB49 /* Thread */,
				D6B8ADB313BF5B9C0005ED7B /* test */,
			);
			name = Source;
			sourceTree = "<group>";
		};
		D699577313BB2EDE007199A4 /* timing */ = {
			isa = PBXGroup;
			children = (
				D699577413BB2F06007199A4 /* timing.h */,
				D699577513BB2F06007199A4 /* timing.c */,
			);
			name = timing;
			sourceTree = "<group>";
		};
		D69B5E3F13C9B01F002662F3 /* Products */ = {
			isa = PBXGroup;
			children = (
				D61EEA6A1483A3CD00D479D9 /* cseTest */,
				D6374930159A595F00F6CB49 /* threadTest */,
				D65AA87015A9B50700190152 /* libSynchroTr.a */,
				D65AA8EE15A9BC2100190152 /* SynchroTr-emb.framework */,
			);
			name = Products;
			sourceTree = "<group>";
		};
		D6B8ADB313BF5B9C0005ED7B /* test */ = {
			isa = PBXGroup;
			children = (
				D61EEA461482F61200D479D9 /* cseTest.c */,
				D6374925159A595500F6CB49 /* threadTest.cpp */,
				D65AA8CA15A9BA4300190152 /* stub.cpp */,
			);
			name = test;
			sourceTree = "<group>";
		};
/* End PBXGroup section */

/* Begin PBXHeadersBuildPhase section */
		D65AA86C15A9B50700190152 /* Headers */ = {
			isa = PBXHeadersBuildPhase;
			buildActionMask = 2147483647;
			files = (
			);
			runOnlyForDeploymentPostprocessing = 0;
		};
		D65AA8E915A9BC2100190152 /* Headers */ = {
			isa = PBXHeadersBuildPhase;
			buildActionMask = 2147483647;
			files = (
				D65AA8F915A9BC9C00190152 /* timing.h in Headers */,
				D65AA8FA15A9BC9C00190152 /* CritSectEx.h in Headers */,
				D65AA8FB15A9BC9C00190152 /* msemul.h in Headers */,
				D65AA8FC15A9BC9C00190152 /* msemul4win.h in Headers */,
				D65AA8FD15A9BC9C00190152 /* Thread.h in Headers */,
			);
			runOnlyForDeploymentPostprocessing = 0;
		};
/* End PBXHeadersBuildPhase section */

/* Begin PBXNativeTarget section */
		D61EEA601483A3CD00D479D9 /* cseTest */ = {
			isa = PBXNativeTarget;
			buildConfigurationList = D61EEA671483A3CD00D479D9 /* Build configuration list for PBXNativeTarget "cseTest" */;
			buildPhases = (
				D61EEA611483A3CD00D479D9 /* Sources */,
				D61EEA661483A3CD00D479D9 /* Frameworks */,
			);
			buildRules = (
			);
			dependencies = (
				D65AA8AA15A9B80100190152 /* PBXTargetDependency */,
			);
			name = cseTest;
			productName = kk;
			productReference = D61EEA6A1483A3CD00D479D9 /* cseTest */;
			productType = "com.apple.product-type.tool";
		};
		D6374926159A595F00F6CB49 /* threadTest */ = {
			isa = PBXNativeTarget;
			buildConfigurationList = D637492D159A595F00F6CB49 /* Build configuration list for PBXNativeTarget "threadTest" */;
			buildPhases = (
				D6374927159A595F00F6CB49 /* Sources */,
				D637492C159A595F00F6CB49 /* Frameworks */,
			);
			buildRules = (
			);
			dependencies = (
				D65AA88615A9B6F600190152 /* PBXTargetDependency */,
			);
			name = threadTest;
			productName = kk;
			productReference = D6374930159A595F00F6CB49 /* threadTest */;
			productType = "com.apple.product-type.tool";
		};
		D65AA86F15A9B50700190152 /* SynchroTr */ = {
			isa = PBXNativeTarget;
			buildConfigurationList = D65AA87A15A9B52700190152 /* Build configuration list for PBXNativeTarget "SynchroTr" */;
			buildPhases = (
				D65AA86C15A9B50700190152 /* Headers */,
				D65AA86D15A9B50700190152 /* Sources */,
				D65AA86E15A9B50700190152 /* Frameworks */,
			);
			buildRules = (
			);
			dependencies = (
			);
			name = SynchroTr;
			productName = SynchroTr;
			productReference = D65AA87015A9B50700190152 /* libSynchroTr.a */;
			productType = "com.apple.product-type.library.static";
		};
		D65AA8ED15A9BC2100190152 /* SynchroTr-emb */ = {
			isa = PBXNativeTarget;
			buildConfigurationList = D65AA8F215A9BC2100190152 /* Build configuration list for PBXNativeTarget "SynchroTr-emb" */;
			buildPhases = (
				D65AA8E915A9BC2100190152 /* Headers */,
				D65AA8EA15A9BC2100190152 /* Resources */,
				D65AA8EB15A9BC2100190152 /* Sources */,
				D65AA8EC15A9BC2100190152 /* Frameworks */,
			);
			buildRules = (
			);
			dependencies = (
			);
			name = "SynchroTr-emb";
			productName = "SynchroTr-emb";
			productReference = D65AA8EE15A9BC2100190152 /* SynchroTr-emb.framework */;
			productType = "com.apple.product-type.framework";
		};
/* End PBXNativeTarget section */

/* Begin PBXProject section */
		08FB7793FE84155DC02AAC07 /* Project object */ = {
			isa = PBXProject;
			attributes = {
				BuildIndependentTargetsInParallel = YES;
				ORGANIZATIONNAME = "IFSTTAR — LEPSIS";
			};
			buildConfigurationList = 1DEB919308733D9F0010E9CD /* Build configuration list for PBXProject "SynchroTr" */;
			compatibilityVersion = "Xcode 3.2";
			developmentRegion = English;
			hasScannedForEncodings = 1;
			knownRegions = (
				English,
				Japanese,
				French,
				German,
			);
			mainGroup = 08FB7794FE84155DC02AAC07 /* sfCAN */;
			productRefGroup = D69B5E3F13C9B01F002662F3 /* Products */;
			projectDirPath = "";
			projectRoot = "";
			targets = (
				D61EEA601483A3CD00D479D9 /* cseTest */,
				D6374926159A595F00F6CB49 /* threadTest */,
				D65AA86F15A9B50700190152 /* SynchroTr */,
				D65AA8ED15A9BC2100190152 /* SynchroTr-emb */,
				D6452CF915B0323300570FB4 /* All */,
			);
		};
/* End PBXProject section */

/* Begin PBXResourcesBuildPhase section */
		D65AA8EA15A9BC2100190152 /* Resources */ = {
			isa = PBXResourcesBuildPhase;
			buildActionMask = 2147483647;
			files = (
			);
			runOnlyForDeploymentPostprocessing = 0;
		};
/* End PBXResourcesBuildPhase section */

/* Begin PBXSourcesBuildPhase section */
		D61EEA611483A3CD00D479D9 /* Sources */ = {
			isa = PBXSourcesBuildPhase;
			buildActionMask = 2147483647;
			files = (
				D61EEA6D1483A3F700D479D9 /* cseTest.c in Sources */,
				D65AA8CB15A9BA4300190152 /* stub.cpp in Sources */,
			);
			runOnlyForDeploymentPostprocessing = 0;
		};
		D6374927159A595F00F6CB49 /* Sources */ = {
			isa = PBXSourcesBuildPhase;
			buildActionMask = 2147483647;
			files = (
				D6374934159A59C000F6CB49 /* threadTest.cpp in Sources */,
			);
			runOnlyForDeploymentPostprocessing = 0;
		};
		D65AA86D15A9B50700190152 /* Sources */ = {
			isa = PBXSourcesBuildPhase;
			buildActionMask = 2147483647;
			files = (
				D65AA87C15A9B56100190152 /* CritSectEx.cpp in Sources */,
				D65AA87D15A9B56100190152 /* msemul.cpp in Sources */,
				D65AA87E15A9B56100190152 /* Thread.cpp in Sources */,
				D65AA8C415A9B87200190152 /* timing.c in Sources */,
			);
			runOnlyForDeploymentPostprocessing = 0;
		};
		D65AA8EB15A9BC2100190152 /* Sources */ = {
			isa = PBXSourcesBuildPhase;
			buildActionMask = 2147483647;
			files = (
				D65AA8F415A9BC4900190152 /* CritSectEx.cpp in Sources */,
				D65AA8F515A9BC4900190152 /* msemul.cpp in Sources */,
				D65AA8F615A9BC4900190152 /* Thread.cpp in Sources */,
				D65AA8F715A9BC4900190152 /* timing.c in Sources */,
			);
			runOnlyForDeploymentPostprocessing = 0;
		};
/* End PBXSourcesBuildPhase section */

/* Begin PBXTargetDependency section */
		D6452CFD15B0324200570FB4 /* PBXTargetDependency */ = {
			isa = PBXTargetDependency;
			target = D61EEA601483A3CD00D479D9 /* cseTest */;
			targetProxy = D6452CFC15B0324200570FB4 /* PBXContainerItemProxy */;
		};
		D6452CFF15B0324200570FB4 /* PBXTargetDependency */ = {
			isa = PBXTargetDependency;
			target = D6374926159A595F00F6CB49 /* threadTest */;
			targetProxy = D6452CFE15B0324200570FB4 /* PBXContainerItemProxy */;
		};
		D6452D0115B0324200570FB4 /* PBXTargetDependency */ = {
			isa = PBXTargetDependency;
			target = D65AA86F15A9B50700190152 /* SynchroTr */;
			targetProxy = D6452D0015B0324200570FB4 /* PBXContainerItemProxy */;
		};
		D6452D0315B0324200570FB4 /* PBXTargetDependency */ = {
			isa = PBXTargetDependency;
			target = D65AA8ED15A9BC2100190152 /* SynchroTr-emb */;
			targetProxy = D6452D0215B0324200570FB4 /* PBXContainerItemProxy */;
		};
		D65AA88615A9B6F600190152 /* PBXTargetDependency */ = {
			isa = PBXTargetDependency;
			target = D65AA86F15A9B50700190152 /* SynchroTr */;
			targetProxy = D65AA88515A9B6F600190152 /* PBXContainerItemProxy */;
		};
		D65AA8AA15A9B80100190152 /* PBXTargetDependency */ = {
			isa = PBXTargetDependency;
			target = D65AA86F15A9B50700190152 /* SynchroTr */;
			targetProxy = D65AA8A915A9B80100190152 /* PBXContainerItemProxy */;
		};
/* End PBXTargetDependency section */

/* Begin XCBuildConfiguration section */
		1DEB919408733D9F0010E9CD /* Debug */ = {
			isa = XCBuildConfiguration;
			buildSettings = {
				ARCHS = "$(ARCHS_STANDARD_32_BIT)";
				GCC_WARN_ABOUT_RETURN_TYPE = YES;
				GCC_WARN_TYPECHECK_CALLS_TO_PRINTF = NO;
				GCC_WARN_UNUSED_VARIABLE = YES;
				ONLY_ACTIVE_ARCH = YES;
				PREBINDING = NO;
				SDKROOT = macosx10.6;
			};
			name = Debug;
		};
		1DEB919508733D9F0010E9CD /* Release */ = {
			isa = XCBuildConfiguration;
			buildSettings = {
				ARCHS = "$(ARCHS_STANDARD_32_BIT)";
				GCC_WARN_ABOUT_RETURN_TYPE = YES;
				GCC_WARN_TYPECHECK_CALLS_TO_PRINTF = NO;
				GCC_WARN_UNUSED_VARIABLE = YES;
				PREBINDING = NO;
				SDKROOT = macosx10.6;
			};
			name = Release;
		};
		D61EEA681483A3CD00D479D9 /* Debug */ = {
			isa = XCBuildConfiguration;
			buildSettings = {
				ALWAYS_SEARCH_USER_PATHS = NO;
				ARCHS = "$(ARCHS_STANDARD_32_64_BIT)";
				COPY_PHASE_STRIP = NO;
				DEBUG_INFORMATION_FORMAT = dwarf;
				GCC_AUTO_VECTORIZATION = YES;
				GCC_DYNAMIC_NO_PIC = YES;
				GCC_ENABLE_CPP_EXCEPTIONS = NO;
				GCC_ENABLE_EXCEPTIONS = YES;
				GCC_ENABLE_FIX_AND_CONTINUE = NO;
				GCC_ENABLE_SSE3_EXTENSIONS = YES;
				GCC_ENABLE_SSE41_EXTENSIONS = YES;
				GCC_ENABLE_SSE42_EXTENSIONS = YES;
				GCC_ENABLE_SUPPLEMENTAL_SSE3_INSTRUCTIONS = YES;
				GCC_ENABLE_SYMBOL_SEPARATION = NO;
				GCC_INLINES_ARE_PRIVATE_EXTERN = NO;
				GCC_MODEL_TUNING = "";
				GCC_OPTIMIZATION_LEVEL = 0;
				GCC_PREPROCESSOR_DEFINITIONS = (
					"CRITSECT=CritSectEx",
					DEBUG,
				);
				GCC_STRICT_ALIASING = YES;
				GCC_VERSION = "";
				HEADER_SEARCH_PATHS = (
					/usr/local/include,
					../,
				);
				INSTALL_PATH = /usr/local/bin;
				ONLY_ACTIVE_ARCH = NO;
				PREBINDING = NO;
				PRECOMPS_INCLUDE_HEADERS_FROM_BUILT_PRODUCTS_DIR = NO;
				PRODUCT_NAME = cseTest;
			};
			name = Debug;
		};
		D61EEA691483A3CD00D479D9 /* Release */ = {
			isa = XCBuildConfiguration;
			buildSettings = {
				ALWAYS_SEARCH_USER_PATHS = NO;
				ARCHS = "$(ARCHS_STANDARD_32_64_BIT)";
				COPY_PHASE_STRIP = NO;
				DEBUG_INFORMATION_FORMAT = dwarf;
				GCC_AUTO_VECTORIZATION = YES;
				GCC_DYNAMIC_NO_PIC = YES;
				GCC_ENABLE_CPP_EXCEPTIONS = NO;
				GCC_ENABLE_EXCEPTIONS = YES;
				GCC_ENABLE_FIX_AND_CONTINUE = NO;
				GCC_ENABLE_SSE3_EXTENSIONS = YES;
				GCC_ENABLE_SSE41_EXTENSIONS = YES;
				GCC_ENABLE_SSE42_EXTENSIONS = YES;
				GCC_ENABLE_SUPPLEMENTAL_SSE3_INSTRUCTIONS = YES;
				GCC_ENABLE_SYMBOL_SEPARATION = NO;
				GCC_INLINES_ARE_PRIVATE_EXTERN = NO;
				GCC_MODEL_TUNING = "";
				GCC_OPTIMIZATION_LEVEL = 3;
				GCC_PREPROCESSOR_DEFINITIONS = "CRITSECT=CritSectEx";
				GCC_STRICT_ALIASING = YES;
				GCC_VERSION = "";
				HEADER_SEARCH_PATHS = (
					/usr/local/include,
					../,
				);
				INSTALL_PATH = /usr/local/bin;
				LLVM_LTO = NO;
				ONLY_ACTIVE_ARCH = NO;
				OTHER_CFLAGS = "-fkeep-inline-functions";
				PREBINDING = NO;
				PRECOMPS_INCLUDE_HEADERS_FROM_BUILT_PRODUCTS_DIR = NO;
				PRODUCT_NAME = cseTest;
				ZERO_LINK = NO;
			};
			name = Release;
		};
		D637492E159A595F00F6CB49 /* Debug */ = {
			isa = XCBuildConfiguration;
			buildSettings = {
				ALWAYS_SEARCH_USER_PATHS = NO;
				ARCHS = "$(ARCHS_STANDARD_32_64_BIT)";
				COPY_PHASE_STRIP = NO;
				GCC_AUTO_VECTORIZATION = YES;
				GCC_DYNAMIC_NO_PIC = YES;
				GCC_ENABLE_CPP_EXCEPTIONS = NO;
				GCC_ENABLE_EXCEPTIONS = YES;
				GCC_ENABLE_FIX_AND_CONTINUE = NO;
				GCC_ENABLE_SSE3_EXTENSIONS = YES;
				GCC_ENABLE_SSE41_EXTENSIONS = YES;
				GCC_ENABLE_SSE42_EXTENSIONS = YES;
				GCC_ENABLE_SUPPLEMENTAL_SSE3_INSTRUCTIONS = YES;
				GCC_ENABLE_SYMBOL_SEPARATION = NO;
				GCC_INLINES_ARE_PRIVATE_EXTERN = NO;
				GCC_MODEL_TUNING = "";
				GCC_OPTIMIZATION_LEVEL = 0;
				GCC_PREPROCESSOR_DEFINITIONS = (
					"CRITSECT=CritSectEx",
					DEBUG,
				);
				GCC_VERSION = "";
				HEADER_SEARCH_PATHS = (
					/usr/local/include,
					../,
				);
				INSTALL_PATH = /usr/local/bin;
				ONLY_ACTIVE_ARCH = YES;
				PREBINDING = NO;
				PRECOMPS_INCLUDE_HEADERS_FROM_BUILT_PRODUCTS_DIR = NO;
				PRODUCT_NAME = threadTest;
			};
			name = Debug;
		};
		D637492F159A595F00F6CB49 /* Release */ = {
			isa = XCBuildConfiguration;
			buildSettings = {
				ALWAYS_SEARCH_USER_PATHS = NO;
				ARCHS = "$(ARCHS_STANDARD_32_64_BIT)";
				COPY_PHASE_STRIP = NO;
				DEBUG_INFORMATION_FORMAT = "dwarf-with-dsym";
				GCC_AUTO_VECTORIZATION = YES;
				GCC_DYNAMIC_NO_PIC = YES;
				GCC_ENABLE_CPP_EXCEPTIONS = NO;
				GCC_ENABLE_EXCEPTIONS = YES;
				GCC_ENABLE_FIX_AND_CONTINUE = NO;
				GCC_ENABLE_SSE3_EXTENSIONS = YES;
				GCC_ENABLE_SSE41_EXTENSIONS = YES;
				GCC_ENABLE_SSE42_EXTENSIONS = YES;
				GCC_ENABLE_SUPPLEMENTAL_SSE3_INSTRUCTIONS = YES;
				GCC_ENABLE_SYMBOL_SEPARATION = NO;
				GCC_INLINES_ARE_PRIVATE_EXTERN = NO;
				GCC_MODEL_TUNING = "";
				GCC_OPTIMIZATION_LEVEL = 3;
				GCC_PREPROCESSOR_DEFINITIONS = "CRITSECT=CritSectEx";
				GCC_STRICT_ALIASING = YES;
				GCC_VERSION = "";
				HEADER_SEARCH_PATHS = (
					/usr/local/include,
					../,
				);
				INSTALL_PATH = /usr/local/bin;
				LLVM_LTO = NO;
				ONLY_ACTIVE_ARCH = NO;
				OTHER_CFLAGS = "";
				PREBINDING = NO;
				PRECOMPS_INCLUDE_HEADERS_FROM_BUILT_PRODUCTS_DIR = NO;
				PRODUCT_NAME = threadTest;
				ZERO_LINK = NO;
			};
			name = Release;
		};
		D6452CFA15B0323300570FB4 /* Debug */ = {
			isa = XCBuildConfiguration;
			buildSettings = {
				COPY_PHASE_STRIP = NO;
				GCC_DYNAMIC_NO_PIC = NO;
				GCC_OPTIMIZATION_LEVEL = 0;
				PRODUCT_NAME = All;
			};
			name = Debug;
		};
		D6452CFB15B0323300570FB4 /* Release */ = {
			isa = XCBuildConfiguration;
			buildSettings = {
				COPY_PHASE_STRIP = YES;
				DEBUG_INFORMATION_FORMAT = "dwarf-with-dsym";
				GCC_ENABLE_FIX_AND_CONTINUE = NO;
				PRODUCT_NAME = All;
				ZERO_LINK = NO;
			};
			name = Release;
		};
		D65AA87115A9B50800190152 /* Debug */ = {
			isa = XCBuildConfiguration;
			buildSettings = {
				ALWAYS_SEARCH_USER_PATHS = NO;
				ARCHS = "$(ARCHS_STANDARD_32_64_BIT)";
				COPY_PHASE_STRIP = NO;
				DEBUG_INFORMATION_FORMAT = dwarf;
				GCC_AUTO_VECTORIZATION = YES;
				GCC_DYNAMIC_NO_PIC = NO;
				GCC_ENABLE_FIX_AND_CONTINUE = NO;
				GCC_ENABLE_SSE3_EXTENSIONS = YES;
				GCC_ENABLE_SSE41_EXTENSIONS = YES;
				GCC_ENABLE_SSE42_EXTENSIONS = YES;
				GCC_ENABLE_SUPPLEMENTAL_SSE3_INSTRUCTIONS = YES;
				GCC_MODEL_TUNING = "";
				GCC_OPTIMIZATION_LEVEL = 0;
				GCC_STRICT_ALIASING = YES;
				GENERATE_MASTER_OBJECT_FILE = YES;
				HEADER_SEARCH_PATHS = (
					/usr/local/include,
					../,
				);
				INSTALL_PATH = /usr/local/lib;
				ONLY_ACTIVE_ARCH = NO;
				PREBINDING = NO;
				PRODUCT_NAME = SynchroTr;
			};
			name = Debug;
		};
		D65AA87215A9B50800190152 /* Release */ = {
			isa = XCBuildConfiguration;
			buildSettings = {
				ALWAYS_SEARCH_USER_PATHS = NO;
				ARCHS = "$(ARCHS_STANDARD_32_64_BIT)";
				COPY_PHASE_STRIP = NO;
				DEBUG_INFORMATION_FORMAT = dwarf;
				GCC_AUTO_VECTORIZATION = YES;
				GCC_ENABLE_FIX_AND_CONTINUE = NO;
				GCC_ENABLE_SSE3_EXTENSIONS = YES;
				GCC_ENABLE_SSE41_EXTENSIONS = YES;
				GCC_ENABLE_SSE42_EXTENSIONS = YES;
				GCC_ENABLE_SUPPLEMENTAL_SSE3_INSTRUCTIONS = YES;
				GCC_MODEL_TUNING = "";
				GCC_OPTIMIZATION_LEVEL = 3;
				GCC_STRICT_ALIASING = YES;
				GENERATE_MASTER_OBJECT_FILE = YES;
				HEADER_SEARCH_PATHS = (
					/usr/local/include,
					../,
				);
				INSTALL_PATH = /usr/local/lib;
				ONLY_ACTIVE_ARCH = NO;
				PREBINDING = NO;
				PRODUCT_NAME = SynchroTr;
				ZERO_LINK = NO;
			};
			name = Release;
		};
		D65AA8F015A9BC2100190152 /* Debug */ = {
			isa = XCBuildConfiguration;
			buildSettings = {
				ALWAYS_SEARCH_USER_PATHS = NO;
				ARCHS = "$(ARCHS_STANDARD_32_64_BIT)";
				COPY_PHASE_STRIP = NO;
				DEBUG_INFORMATION_FORMAT = dwarf;
				DYLIB_COMPATIBILITY_VERSION = 1;
				DYLIB_CURRENT_VERSION = 1;
				FRAMEWORK_VERSION = A;
				GCC_AUTO_VECTORIZATION = YES;
				GCC_DYNAMIC_NO_PIC = NO;
				GCC_ENABLE_FIX_AND_CONTINUE = NO;
				GCC_ENABLE_SSE3_EXTENSIONS = YES;
				GCC_ENABLE_SSE41_EXTENSIONS = YES;
				GCC_ENABLE_SSE42_EXTENSIONS = YES;
				GCC_ENABLE_SUPPLEMENTAL_SSE3_INSTRUCTIONS = YES;
				GCC_MODEL_TUNING = "";
				GCC_OPTIMIZATION_LEVEL = 0;
				GCC_PRECOMPILE_PREFIX_HEADER = NO;
				GCC_PREFIX_HEADER = "";
				GCC_STRICT_ALIASING = YES;
				HEADER_SEARCH_PATHS = (
					/usr/local/include,
					../,
				);
				INFOPLIST_FILE = "SynchroTr-emb-Info.plist";
				INSTALL_PATH = "@loader_path/../Frameworks";
				ONLY_ACTIVE_ARCH = NO;
				OTHER_LDFLAGS = "";
				PREBINDING = NO;
				PRODUCT_NAME = "SynchroTr-emb";
			};
			name = Debug;
		};
		D65AA8F115A9BC2100190152 /* Release */ = {
			isa = XCBuildConfiguration;
			buildSettings = {
				ALWAYS_SEARCH_USER_PATHS = NO;
				ARCHS = "$(ARCHS_STANDARD_32_64_BIT)";
				COPY_PHASE_STRIP = NO;
				DEBUG_INFORMATION_FORMAT = dwarf;
				DYLIB_COMPATIBILITY_VERSION = 1;
				DYLIB_CURRENT_VERSION = 1;
				FRAMEWORK_VERSION = A;
				GCC_AUTO_VECTORIZATION = YES;
				GCC_ENABLE_FIX_AND_CONTINUE = NO;
				GCC_ENABLE_SSE3_EXTENSIONS = YES;
				GCC_ENABLE_SSE41_EXTENSIONS = YES;
				GCC_ENABLE_SSE42_EXTENSIONS = YES;
				GCC_ENABLE_SUPPLEMENTAL_SSE3_INSTRUCTIONS = YES;
				GCC_MODEL_TUNING = "";
				GCC_PRECOMPILE_PREFIX_HEADER = NO;
				GCC_PREFIX_HEADER = "";
				GCC_STRICT_ALIASING = YES;
				HEADER_SEARCH_PATHS = (
					/usr/local/include,
					../,
				);
				INFOPLIST_FILE = "SynchroTr-emb-Info.plist";
				INSTALL_PATH = "@loader_path/../Frameworks";
				ONLY_ACTIVE_ARCH = NO;
				OTHER_LDFLAGS = "";
				PREBINDING = NO;
				PRODUCT_NAME = "SynchroTr-emb";
				ZERO_LINK = NO;
			};
			name = Release;
		};
/* End XCBuildConfiguration section */

/* Begin XCConfigurationList section */
		1DEB919308733D9F0010E9CD /* Build configuration list for PBXProject "SynchroTr" */ = {
			isa = XCConfigurationList;
			buildConfigurations = (
				1DEB919408733D9F0010E9CD /* Debug */,
				1DEB919508733D9F0010E9CD /* Release */,
			);
			defaultConfigurationIsVisible = 0;
			defaultConfigurationName = Release;
		};
		D61EEA671483A3CD00D479D9 /* Build configuration list for PBXNativeTarget "cseTest" */ = {
			isa = XCConfigurationList;
			buildConfigurations = (
				D61EEA681483A3CD00D479D9 /* Debug */,
				D61EEA691483A3CD00D479D9 /* Release */,
			);
			defaultConfigurationIsVisible = 0;
			defaultConfigurationName = Release;
		};
		D637492D159A595F00F6CB49 /* Build configuration list for PBXNativeTarget "threadTest" */ = {
			isa = XCConfigurationList;
			buildConfigurations = (
				D637492E159A595F00F6CB49 /* Debug */,
				D637492F159A595F00F6CB49 /* Release */,
			);
			defaultConfigurationIsVisible = 0;
			defaultConfigurationName = Release;
		};
		D6452D1E15B0326B00570FB4 /* Build configuration list for PBXAggregateTarget "All" */ = {
			isa = XCConfigurationList;
			buildConfigurations = (
				D6452CFA15B0323300570FB4 /* Debug */,
				D6452CFB15B0323300570FB4 /* Release */,
			);
			defaultConfigurationIsVisible = 0;
			defaultConfigurationName = Release;
		};
		D65AA87A15A9B52700190152 /* Build configuration list for PBXNativeTarget "SynchroTr" */ = {
			isa = XCConfigurationList;
			buildConfigurations = (
				D65AA87115A9B50800190152 /* Debug */,
				D65AA87215A9B50800190152 /* Release */,
			);
			defaultConfigurationIsVisible = 0;
			defaultConfigurationName = Release;
		};
		D65AA8F215A9BC2100190152 /* Build configuration list for PBXNativeTarget "SynchroTr-emb" */ = {
			isa = XCConfigurationList;
			buildConfigurations = (
				D65AA8F015A9BC2100190152 /* Debug */,
				D65AA8F115A9BC2100190152 /* Release */,
			);
			defaultConfigurationIsVisible = 0;
			defaultConfigurationName = Release;
		};
/* End XCConfigurationList section */
	};
	rootObject = 08FB7793FE84155DC02AAC07 /* Project object */;
}
